{
  "name": "kwengrclitools",
  "version": "1.0.1",
  "lockfileVersion": 3,
  "requires": true,
  "packages": {
    "": {
      "name": "kwengrclitools",
      "version": "1.0.1",
      "license": "MIT",
      "dependencies": {
        "kwengrinternationalization": "^1.0.1"
      }
    },
    "node_modules/kwengrinternationalization": {
      "version": "1.0.1",
      "resolved": "https://registry.npmjs.org/kwengrinternationalization/-/kwengrinternationalization-1.0.1.tgz",
      "integrity": "sha512-Cb6BBOgSrvsbt54D6Pe2N7waKnDtaDfbX1zWafzH51A3GzSqKKz0CYzRJ7nAa6jYWii1YZVr9kKMRJgrHKXBrw=="
    }
  }
}
